
Microsoft Visual Studio Solution File, Format Version 12.00
# Visual Studio Version 16
VisualStudioVersion = 16.6.30114.105
MinimumVisualStudioVersion = 10.0.40219.1
Project("{FAE04EC0-301F-11D3-BF4B-00C04F79EFBC}") = "SolarCoffee.Data", "SolarCoffee.Data\SolarCoffee.Data.csproj", "{C8775073-0599-4F61-80A1-91393A5A8A4E}"
EndProject
Project("{FAE04EC0-301F-11D3-BF4B-00C04F79EFBC}") = "SolarCoffee.Services", "SolarCoffee.Services\SolarCoffee.Services.csproj", "{B9372EA4-7A25-43AC-80D0-684F07B40927}"
EndProject
Project("{FAE04EC0-301F-11D3-BF4B-00C04F79EFBC}") = "SolarCoffee.Test", "SolarCoffee.Test\SolarCoffee.Test.csproj", "{D251C012-8019-4287-9A29-859AF2E4B0E4}"
EndProject
Project("{FAE04EC0-301F-11D3-BF4B-00C04F79EFBC}") = "SolarCoffee.Web", "SolarCoffee.Web\SolarCoffee.Web.csproj", "{4E06FA24-C585-404F-9798-683072C5DC26}"
EndProject
Global
	GlobalSection(SolutionConfigurationPlatforms) = preSolution
		Debug|Any CPU = Debug|Any CPU
		Debug|x64 = Debug|x64
		Debug|x86 = Debug|x86
		Release|Any CPU = Release|Any CPU
		Release|x64 = Release|x64
		Release|x86 = Release|x86
	EndGlobalSection
	GlobalSection(SolutionProperties) = preSolution
		HideSolutionNode = FALSE
	EndGlobalSection
	GlobalSection(ProjectConfigurationPlatforms) = postSolution
		{C8775073-0599-4F61-80A1-91393A5A8A4E}.Debug|Any CPU.ActiveCfg = Debug|Any CPU
		{C8775073-0599-4F61-80A1-91393A5A8A4E}.Debug|Any CPU.Build.0 = Debug|Any CPU
		{C8775073-0599-4F61-80A1-91393A5A8A4E}.Debug|x64.ActiveCfg = Debug|Any CPU
		{C8775073-0599-4F61-80A1-91393A5A8A4E}.Debug|x64.Build.0 = Debug|Any CPU
		{C8775073-0599-4F61-80A1-91393A5A8A4E}.Debug|x86.ActiveCfg = Debug|Any CPU
		{C8775073-0599-4F61-80A1-91393A5A8A4E}.Debug|x86.Build.0 = Debug|Any CPU
		{C8775073-0599-4F61-80A1-91393A5A8A4E}.Release|Any CPU.ActiveCfg = Release|Any CPU
		{C8775073-0599-4F61-80A1-91393A5A8A4E}.Release|Any CPU.Build.0 = Release|Any CPU
		{C8775073-0599-4F61-80A1-91393A5A8A4E}.Release|x64.ActiveCfg = Release|Any CPU
		{C8775073-0599-4F61-80A1-91393A5A8A4E}.Release|x64.Build.0 = Release|Any CPU
		{C8775073-0599-4F61-80A1-91393A5A8A4E}.Release|x86.ActiveCfg = Release|Any CPU
		{C8775073-0599-4F61-80A1-91393A5A8A4E}.Release|x86.Build.0 = Release|Any CPU
		{B9372EA4-7A25-43AC-80D0-684F07B40927}.Debug|Any CPU.ActiveCfg = Debug|Any CPU
		{B9372EA4-7A25-43AC-80D0-684F07B40927}.Debug|Any CPU.Build.0 = Debug|Any CPU
		{B9372EA4-7A25-43AC-80D0-684F07B40927}.Debug|x64.ActiveCfg = Debug|Any CPU
		{B9372EA4-7A25-43AC-80D0-684F07B40927}.Debug|x64.Build.0 = Debug|Any CPU
		{B9372EA4-7A25-43AC-80D0-684F07B40927}.Debug|x86.ActiveCfg = Debug|Any CPU
		{B9372EA4-7A25-43AC-80D0-684F07B40927}.Debug|x86.Build.0 = Debug|Any CPU
		{B9372EA4-7A25-43AC-80D0-684F07B40927}.Release|Any CPU.ActiveCfg = Release|Any CPU
		{B9372EA4-7A25-43AC-80D0-684F07B40927}.Release|Any CPU.Build.0 = Release|Any CPU
		{B9372EA4-7A25-43AC-80D0-684F07B40927}.Release|x64.ActiveCfg = Release|Any CPU
		{B9372EA4-7A25-43AC-80D0-684F07B40927}.Release|x64.Build.0 = Release|Any CPU
		{B9372EA4-7A25-43AC-80D0-684F07B40927}.Release|x86.ActiveCfg = Release|Any CPU
		{B9372EA4-7A25-43AC-80D0-684F07B40927}.Release|x86.Build.0 = Release|Any CPU
		{D251C012-8019-4287-9A29-859AF2E4B0E4}.Debug|Any CPU.ActiveCfg = Debug|Any CPU
		{D251C012-8019-4287-9A29-859AF2E4B0E4}.Debug|Any CPU.Build.0 = Debug|Any CPU
		{D251C012-8019-4287-9A29-859AF2E4B0E4}.Debug|x64.ActiveCfg = Debug|Any CPU
		{D251C012-8019-4287-9A29-859AF2E4B0E4}.Debug|x64.Build.0 = Debug|Any CPU
		{D251C012-8019-4287-9A29-859AF2E4B0E4}.Debug|x86.ActiveCfg = Debug|Any CPU
		{D251C012-8019-4287-9A29-859AF2E4B0E4}.Debug|x86.Build.0 = Debug|Any CPU
		{D251C012-8019-4287-9A29-859AF2E4B0E4}.Release|Any CPU.ActiveCfg = Release|Any CPU
		{D251C012-8019-4287-9A29-859AF2E4B0E4}.Release|Any CPU.Build.0 = Release|Any CPU
		{D251C012-8019-4287-9A29-859AF2E4B0E4}.Release|x64.ActiveCfg = Release|Any CPU
		{D251C012-8019-4287-9A29-859AF2E4B0E4}.Release|x64.Build.0 = Release|Any CPU
		{D251C012-8019-4287-9A29-859AF2E4B0E4}.Release|x86.ActiveCfg = Release|Any CPU
		{D251C012-8019-4287-9A29-859AF2E4B0E4}.Release|x86.Build.0 = Release|Any CPU
		{4E06FA24-C585-404F-9798-683072C5DC26}.Debug|Any CPU.ActiveCfg = Debug|Any CPU
		{4E06FA24-C585-404F-9798-683072C5DC26}.Debug|Any CPU.Build.0 = Debug|Any CPU
		{4E06FA24-C585-404F-9798-683072C5DC26}.Debug|x64.ActiveCfg = Debug|Any CPU
		{4E06FA24-C585-404F-9798-683072C5DC26}.Debug|x64.Build.0 = Debug|Any CPU
		{4E06FA24-C585-404F-9798-683072C5DC26}.Debug|x86.ActiveCfg = Debug|Any CPU
		{4E06FA24-C585-404F-9798-683072C5DC26}.Debug|x86.Build.0 = Debug|Any CPU
		{4E06FA24-C585-404F-9798-683072C5DC26}.Release|Any CPU.ActiveCfg = Release|Any CPU
		{4E06FA24-C585-404F-9798-683072C5DC26}.Release|Any CPU.Build.0 = Release|Any CPU
		{4E06FA24-C585-404F-9798-683072C5DC26}.Release|x64.ActiveCfg = Release|Any CPU
		{4E06FA24-C585-404F-9798-683072C5DC26}.Release|x64.Build.0 = Release|Any CPU
		{4E06FA24-C585-404F-9798-683072C5DC26}.Release|x86.ActiveCfg = Release|Any CPU
		{4E06FA24-C585-404F-9798-683072C5DC26}.Release|x86.Build.0 = Release|Any CPU
	EndGlobalSection
EndGlobal
